Microsoft Visual Studio Solution File, Format Version 12.00
# Visual Studio Version 17
VisualStudioVersion = 17.5.2.0
MinimumVisualStudioVersion = 10.0.40219.1
Project("{FAE04EC0-301F-11D3-BF4B-00C04F79EFBC}") = "MovieTicketBookingManagementWeb", "MovieTicketBookingManagementWeb.csproj", "{7A22CC78-8535-0257-2DF5-E900BAA32BCC}"
EndProject
Global
	GlobalSection(SolutionConfigurationPlatforms) = preSolution
		Debug|Any CPU = Debug|Any CPU
		Release|Any CPU = Release|Any CPU
	EndGlobalSection
	GlobalSection(ProjectConfigurationPlatforms) = postSolution
		{7A22CC78-8535-0257-2DF5-E900BAA32BCC}.Debug|Any CPU.ActiveCfg = Debug|Any CPU
		{7A22CC78-8535-0257-2DF5-E900BAA32BCC}.Debug|Any CPU.Build.0 = Debug|Any CPU
		{7A22CC78-8535-0257-2DF5-E900BAA32BCC}.Release|Any CPU.ActiveCfg = Release|Any CPU
		{7A22CC78-8535-0257-2DF5-E900BAA32BCC}.Release|Any CPU.Build.0 = Release|Any CPU
	EndGlobalSection
	GlobalSection(SolutionProperties) = preSolution
		HideSolutionNode = FALSE
	EndGlobalSection
	GlobalSection(ExtensibilityGlobals) = postSolution
		SolutionGuid = {499DD178-1A0E-4554-9999-26518BE3C759}
	EndGlobalSection
EndGlobal
